
Microsoft Visual Studio Solution File, Format Version 12.00
# Visual Studio Version 16
VisualStudioVersion = 16.0.28407.52
MinimumVisualStudioVersion = 10.0.40219.1
Project("{9A19103F-16F7-4668-BE54-9A1E7A4F7556}") = "TVWB", "TVWB\TVWB.csproj", "{4FF94F8E-6FAD-4638-8746-AB5F7DB5CE55}"
EndProject
Global
	GlobalSection(SolutionConfigurationPlatforms) = preSolution
		Debug|Any CPU = Debug|Any CPU
		Release|Any CPU = Release|Any CPU
	EndGlobalSection
	GlobalSection(ProjectConfigurationPlatforms) = postSolution
		{4FF94F8E-6FAD-4638-8746-AB5F7DB5CE55}.Debug|Any CPU.ActiveCfg = Debug|Any CPU
		{4FF94F8E-6FAD-4638-8746-AB5F7DB5CE55}.Debug|Any CPU.Build.0 = Debug|Any CPU
		{4FF94F8E-6FAD-4638-8746-AB5F7DB5CE55}.Release|Any CPU.ActiveCfg = Release|Any CPU
		{4FF94F8E-6FAD-4638-8746-AB5F7DB5CE55}.Release|Any CPU.Build.0 = Release|Any CPU
	EndGlobalSection
	GlobalSection(SolutionProperties) = preSolution
		HideSolutionNode = FALSE
	EndGlobalSection
	GlobalSection(ExtensibilityGlobals) = postSolution
		SolutionGuid = {977AB4D6-84B6-4CFE-868C-67B1299F9094}
	EndGlobalSection
EndGlobal
